
Microsoft Visual Studio Solution File, Format Version 12.00
# Visual Studio 14
VisualStudioVersion = 14.0.25420.1
MinimumVisualStudioVersion = 10.0.40219.1
Project("{FAE04EC0-301F-11D3-BF4B-00C04F79EFBC}") = "Sorting", "Challenge 1 - Sorting\Sorting\Sorting.csproj", "{D465D9B6-B710-4F92-9BF3-31A31F6B553E}"
EndProject
Project("{FAE04EC0-301F-11D3-BF4B-00C04F79EFBC}") = "Anagram", "Challenge 3 - Anagram\Anagram\Anagram.csproj", "{A456F676-C9CD-4F5E-8B33-84B793C0436F}"
EndProject
Project("{FAE04EC0-301F-11D3-BF4B-00C04F79EFBC}") = "Palindrome", "Challenge 2 - Palindrome\Palindrome\Palindrome.csproj", "{AC70EEAC-D411-426A-B278-0750CC3E7C1E}"
EndProject
Global
	GlobalSection(SolutionConfigurationPlatforms) = preSolution
		Debug|Any CPU = Debug|Any CPU
		Release|Any CPU = Release|Any CPU
	EndGlobalSection
	GlobalSection(ProjectConfigurationPlatforms) = postSolution
		{D465D9B6-B710-4F92-9BF3-31A31F6B553E}.Debug|Any CPU.ActiveCfg = Debug|Any CPU
		{D465D9B6-B710-4F92-9BF3-31A31F6B553E}.Debug|Any CPU.Build.0 = Debug|Any CPU
		{D465D9B6-B710-4F92-9BF3-31A31F6B553E}.Release|Any CPU.ActiveCfg = Release|Any CPU
		{D465D9B6-B710-4F92-9BF3-31A31F6B553E}.Release|Any CPU.Build.0 = Release|Any CPU
		{A456F676-C9CD-4F5E-8B33-84B793C0436F}.Debug|Any CPU.ActiveCfg = Debug|Any CPU
		{A456F676-C9CD-4F5E-8B33-84B793C0436F}.Debug|Any CPU.Build.0 = Debug|Any CPU
		{A456F676-C9CD-4F5E-8B33-84B793C0436F}.Release|Any CPU.ActiveCfg = Release|Any CPU
		{A456F676-C9CD-4F5E-8B33-84B793C0436F}.Release|Any CPU.Build.0 = Release|Any CPU
		{AC70EEAC-D411-426A-B278-0750CC3E7C1E}.Debug|Any CPU.ActiveCfg = Debug|Any CPU
		{AC70EEAC-D411-426A-B278-0750CC3E7C1E}.Debug|Any CPU.Build.0 = Debug|Any CPU
		{AC70EEAC-D411-426A-B278-0750CC3E7C1E}.Release|Any CPU.ActiveCfg = Release|Any CPU
		{AC70EEAC-D411-426A-B278-0750CC3E7C1E}.Release|Any CPU.Build.0 = Release|Any CPU
	EndGlobalSection
	GlobalSection(SolutionProperties) = preSolution
		HideSolutionNode = FALSE
	EndGlobalSection
EndGlobal
